
Microsoft Visual Studio Solution File, Format Version 12.00
# Visual Studio 2012
Project("{FAE04EC0-301F-11D3-BF4B-00C04F79EFBC}") = "QFC.Contracts", "QFC_API\QFC.Contracts.csproj", "{1ED649CF-CDEC-4C94-AF83-2DE55868C4EC}"
EndProject
Project("{FAE04EC0-301F-11D3-BF4B-00C04F79EFBC}") = "QFC.TestProject", "QFC.TestProject\QFC.TestProject.csproj", "{948D7592-2438-4882-BF7D-957EF5D75E21}"
EndProject
Project("{FAE04EC0-301F-11D3-BF4B-00C04F79EFBC}") = "QFC.MassTransitTransport", "QFC.MassTransitTransport\QFC.MassTransitTransport.csproj", "{84591ED2-1D2A-411E-A453-CD4688BDC88B}"
EndProject
Project("{FAE04EC0-301F-11D3-BF4B-00C04F79EFBC}") = "QFC.EasyNetQ", "EasyNetQ\QFC.EasyNetQ.csproj", "{BDE819C2-22A9-43EF-9820-A917042F6F06}"
EndProject
Project("{FAE04EC0-301F-11D3-BF4B-00C04F79EFBC}") = "QFC.ServiceStackTransport", "QFC.ServiceStackTransport\QFC.ServiceStackTransport.csproj", "{92BD816F-27BD-419A-9EC6-421661307607}"
EndProject
Project("{FAE04EC0-301F-11D3-BF4B-00C04F79EFBC}") = "QFC.Utilities", "QFC.Utilities\QFC.Utilities.csproj", "{5A404128-AF44-4095-AEE7-6577D28338D2}"
EndProject
Project("{FAE04EC0-301F-11D3-BF4B-00C04F79EFBC}") = "TestReceiverApplication", "TestReceiverApplication\TestReceiverApplication.csproj", "{8867FFFE-EC54-44C2-AE02-851358621A4A}"
EndProject
Project("{FAE04EC0-301F-11D3-BF4B-00C04F79EFBC}") = "TestPublisherApplication", "TestConsoleApplication\TestPublisherApplication.csproj", "{3DCD1393-7E97-41E8-9ED5-1967D34729C0}"
EndProject
Project("{FAE04EC0-301F-11D3-BF4B-00C04F79EFBC}") = "QFC.RabbitMqClient", "QFC.RabbitMqClient\QFC.RabbitMqClient.csproj", "{4554C622-662D-451D-B61C-49D3C6396B48}"
EndProject
Global
	GlobalSection(SolutionConfigurationPlatforms) = preSolution
		Debug|Any CPU = Debug|Any CPU
		Release|Any CPU = Release|Any CPU
	EndGlobalSection
	GlobalSection(ProjectConfigurationPlatforms) = postSolution
		{1ED649CF-CDEC-4C94-AF83-2DE55868C4EC}.Debug|Any CPU.ActiveCfg = Debug|Any CPU
		{1ED649CF-CDEC-4C94-AF83-2DE55868C4EC}.Debug|Any CPU.Build.0 = Debug|Any CPU
		{1ED649CF-CDEC-4C94-AF83-2DE55868C4EC}.Release|Any CPU.ActiveCfg = Release|Any CPU
		{1ED649CF-CDEC-4C94-AF83-2DE55868C4EC}.Release|Any CPU.Build.0 = Release|Any CPU
		{948D7592-2438-4882-BF7D-957EF5D75E21}.Debug|Any CPU.ActiveCfg = Debug|Any CPU
		{948D7592-2438-4882-BF7D-957EF5D75E21}.Debug|Any CPU.Build.0 = Debug|Any CPU
		{948D7592-2438-4882-BF7D-957EF5D75E21}.Release|Any CPU.ActiveCfg = Release|Any CPU
		{948D7592-2438-4882-BF7D-957EF5D75E21}.Release|Any CPU.Build.0 = Release|Any CPU
		{84591ED2-1D2A-411E-A453-CD4688BDC88B}.Debug|Any CPU.ActiveCfg = Debug|Any CPU
		{84591ED2-1D2A-411E-A453-CD4688BDC88B}.Debug|Any CPU.Build.0 = Debug|Any CPU
		{84591ED2-1D2A-411E-A453-CD4688BDC88B}.Release|Any CPU.ActiveCfg = Release|Any CPU
		{84591ED2-1D2A-411E-A453-CD4688BDC88B}.Release|Any CPU.Build.0 = Release|Any CPU
		{BDE819C2-22A9-43EF-9820-A917042F6F06}.Debug|Any CPU.ActiveCfg = Debug|Any CPU
		{BDE819C2-22A9-43EF-9820-A917042F6F06}.Debug|Any CPU.Build.0 = Debug|Any CPU
		{BDE819C2-22A9-43EF-9820-A917042F6F06}.Release|Any CPU.ActiveCfg = Release|Any CPU
		{BDE819C2-22A9-43EF-9820-A917042F6F06}.Release|Any CPU.Build.0 = Release|Any CPU
		{92BD816F-27BD-419A-9EC6-421661307607}.Debug|Any CPU.ActiveCfg = Debug|Any CPU
		{92BD816F-27BD-419A-9EC6-421661307607}.Debug|Any CPU.Build.0 = Debug|Any CPU
		{92BD816F-27BD-419A-9EC6-421661307607}.Release|Any CPU.ActiveCfg = Release|Any CPU
		{92BD816F-27BD-419A-9EC6-421661307607}.Release|Any CPU.Build.0 = Release|Any CPU
		{5A404128-AF44-4095-AEE7-6577D28338D2}.Debug|Any CPU.ActiveCfg = Debug|Any CPU
		{5A404128-AF44-4095-AEE7-6577D28338D2}.Debug|Any CPU.Build.0 = Debug|Any CPU
		{5A404128-AF44-4095-AEE7-6577D28338D2}.Release|Any CPU.ActiveCfg = Release|Any CPU
		{5A404128-AF44-4095-AEE7-6577D28338D2}.Release|Any CPU.Build.0 = Release|Any CPU
		{8867FFFE-EC54-44C2-AE02-851358621A4A}.Debug|Any CPU.ActiveCfg = Debug|Any CPU
		{8867FFFE-EC54-44C2-AE02-851358621A4A}.Debug|Any CPU.Build.0 = Debug|Any CPU
		{8867FFFE-EC54-44C2-AE02-851358621A4A}.Release|Any CPU.ActiveCfg = Release|Any CPU
		{8867FFFE-EC54-44C2-AE02-851358621A4A}.Release|Any CPU.Build.0 = Release|Any CPU
		{3DCD1393-7E97-41E8-9ED5-1967D34729C0}.Debug|Any CPU.ActiveCfg = Debug|Any CPU
		{3DCD1393-7E97-41E8-9ED5-1967D34729C0}.Debug|Any CPU.Build.0 = Debug|Any CPU
		{3DCD1393-7E97-41E8-9ED5-1967D34729C0}.Release|Any CPU.ActiveCfg = Release|Any CPU
		{3DCD1393-7E97-41E8-9ED5-1967D34729C0}.Release|Any CPU.Build.0 = Release|Any CPU
		{4554C622-662D-451D-B61C-49D3C6396B48}.Debug|Any CPU.ActiveCfg = Debug|Any CPU
		{4554C622-662D-451D-B61C-49D3C6396B48}.Debug|Any CPU.Build.0 = Debug|Any CPU
		{4554C622-662D-451D-B61C-49D3C6396B48}.Release|Any CPU.ActiveCfg = Release|Any CPU
		{4554C622-662D-451D-B61C-49D3C6396B48}.Release|Any CPU.Build.0 = Release|Any CPU
	EndGlobalSection
	GlobalSection(SolutionProperties) = preSolution
		HideSolutionNode = FALSE
	EndGlobalSection
EndGlobal
